
Microsoft Visual Studio Solution File, Format Version 12.00
# Visual Studio Version 17
VisualStudioVersion = 17.0.32014.148
MinimumVisualStudioVersion = 10.0.40219.1
Project("{FAE04EC0-301F-11D3-BF4B-00C04F79EFBC}") = "RehberWebApi", "RehberWebApi\RehberWebApi.csproj", "{8F1F1AC2-EA9C-4ABC-A3E4-7A5E1444B0C8}"
EndProject
Global
	GlobalSection(SolutionConfigurationPlatforms) = preSolution
		Debug|Any CPU = Debug|Any CPU
		Release|Any CPU = Release|Any CPU
	EndGlobalSection
	GlobalSection(ProjectConfigurationPlatforms) = postSolution
		{8F1F1AC2-EA9C-4ABC-A3E4-7A5E1444B0C8}.Debug|Any CPU.ActiveCfg = Debug|Any CPU
		{8F1F1AC2-EA9C-4ABC-A3E4-7A5E1444B0C8}.Debug|Any CPU.Build.0 = Debug|Any CPU
		{8F1F1AC2-EA9C-4ABC-A3E4-7A5E1444B0C8}.Release|Any CPU.ActiveCfg = Release|Any CPU
		{8F1F1AC2-EA9C-4ABC-A3E4-7A5E1444B0C8}.Release|Any CPU.Build.0 = Release|Any CPU
	EndGlobalSection
	GlobalSection(SolutionProperties) = preSolution
		HideSolutionNode = FALSE
	EndGlobalSection
	GlobalSection(ExtensibilityGlobals) = postSolution
		SolutionGuid = {9F9C7FB6-83F9-4C7C-9F9F-7134C0F86F6A}
	EndGlobalSection
EndGlobal
